{
  "name": "examples",
  "lockfileVersion": 3,
  "requires": true,
  "packages": {
    "": {
      "dependencies": {
        "vixeny": "^0.0.52"
      }
    },
    "node_modules/vixeny": {
      "version": "0.0.52",
      "resolved": "https://registry.npmjs.org/vixeny/-/vixeny-0.0.52.tgz",
      "integrity": "sha512-s/QZqfBU0wly1YCJiE9Z1C8PTr34v3W8kjhGBZ05skbo10O/9yfhAuX1BgL7OzKMawAydiQi835OwdRhUj9YZg=="
    }
  }
}
